
Microsoft Visual Studio Solution File, Format Version 12.00
# Visual Studio 15
VisualStudioVersion = 15.0.27004.2002
MinimumVisualStudioVersion = 10.0.40219.1
Project("{2150E333-8FDC-42A3-9474-1A3956D46DE8}") = "src", "src", "{68BF5DB0-A6CD-4E13-9519-E4CB044650D6}"
EndProject
Project("{2150E333-8FDC-42A3-9474-1A3956D46DE8}") = "Solution Items", "Solution Items", "{681BD162-76F6-4A02-9E95-A194FA30D8B8}"
EndProject
Project("{2150E333-8FDC-42A3-9474-1A3956D46DE8}") = "2 - Contracts", "2 - Contracts", "{F44CDE46-C417-4CC7-B1D3-4BF292256226}"
EndProject
Project("{2150E333-8FDC-42A3-9474-1A3956D46DE8}") = "3 - Infra", "3 - Infra", "{A38AC0D0-4179-43C7-895F-F1DE69BEBB4E}"
EndProject
Project("{2150E333-8FDC-42A3-9474-1A3956D46DE8}") = "1 - Service", "1 - Service", "{99F3D913-0DFE-43D3-8876-7F3EFEAA6373}"
EndProject
Project("{2150E333-8FDC-42A3-9474-1A3956D46DE8}") = "3.1 - Data", "3.1 - Data", "{F640CED1-A33D-48CF-9976-8E6274CED3FB}"
EndProject
Project("{2150E333-8FDC-42A3-9474-1A3956D46DE8}") = "3.2 - CrossCutting", "3.2 - CrossCutting", "{EBEE713F-347F-424A-BCD0-E45D310DDA96}"
EndProject
Project("{9A19103F-16F7-4668-BE54-9A1E7A4F7556}") = "MicroService.FileServer", "src\MicroService.FileServer\MicroService.FileServer.csproj", "{C1785D11-69C3-40E3-9064-E209451C63F9}"
EndProject
Project("{9A19103F-16F7-4668-BE54-9A1E7A4F7556}") = "CrossCutting.IoC", "src\CrossCutting.IoC\CrossCutting.IoC.csproj", "{7B56A740-F18E-4C3F-AD8A-BFA783472639}"
EndProject
Project("{9A19103F-16F7-4668-BE54-9A1E7A4F7556}") = "Infra.Data", "src\Infra.Data\Infra.Data.csproj", "{308C255E-0146-43BB-B458-CD366B4A03B0}"
EndProject
Project("{9A19103F-16F7-4668-BE54-9A1E7A4F7556}") = "Contracts", "Contracts\Contracts.csproj", "{DD5E3E78-B249-4E86-8862-6EE8547998E4}"
EndProject
Project("{9A19103F-16F7-4668-BE54-9A1E7A4F7556}") = "CrossCutting.Utils", "CrossCutting.Utils\CrossCutting.Utils.csproj", "{38D604AE-4CA3-4121-BC76-0A71F832E7F1}"
EndProject
Global
	GlobalSection(SolutionConfigurationPlatforms) = preSolution
		Debug|Any CPU = Debug|Any CPU
		Release|Any CPU = Release|Any CPU
		Staging|Any CPU = Staging|Any CPU
	EndGlobalSection
	GlobalSection(ProjectConfigurationPlatforms) = postSolution
		{C1785D11-69C3-40E3-9064-E209451C63F9}.Debug|Any CPU.ActiveCfg = Debug|Any CPU
		{C1785D11-69C3-40E3-9064-E209451C63F9}.Debug|Any CPU.Build.0 = Debug|Any CPU
		{C1785D11-69C3-40E3-9064-E209451C63F9}.Release|Any CPU.ActiveCfg = Release|Any CPU
		{C1785D11-69C3-40E3-9064-E209451C63F9}.Release|Any CPU.Build.0 = Release|Any CPU
		{C1785D11-69C3-40E3-9064-E209451C63F9}.Staging|Any CPU.ActiveCfg = Release|Any CPU
		{C1785D11-69C3-40E3-9064-E209451C63F9}.Staging|Any CPU.Build.0 = Release|Any CPU
		{7B56A740-F18E-4C3F-AD8A-BFA783472639}.Debug|Any CPU.ActiveCfg = Debug|Any CPU
		{7B56A740-F18E-4C3F-AD8A-BFA783472639}.Debug|Any CPU.Build.0 = Debug|Any CPU
		{7B56A740-F18E-4C3F-AD8A-BFA783472639}.Release|Any CPU.ActiveCfg = Release|Any CPU
		{7B56A740-F18E-4C3F-AD8A-BFA783472639}.Release|Any CPU.Build.0 = Release|Any CPU
		{7B56A740-F18E-4C3F-AD8A-BFA783472639}.Staging|Any CPU.ActiveCfg = Release|Any CPU
		{7B56A740-F18E-4C3F-AD8A-BFA783472639}.Staging|Any CPU.Build.0 = Release|Any CPU
		{308C255E-0146-43BB-B458-CD366B4A03B0}.Debug|Any CPU.ActiveCfg = Debug|Any CPU
		{308C255E-0146-43BB-B458-CD366B4A03B0}.Debug|Any CPU.Build.0 = Debug|Any CPU
		{308C255E-0146-43BB-B458-CD366B4A03B0}.Release|Any CPU.ActiveCfg = Release|Any CPU
		{308C255E-0146-43BB-B458-CD366B4A03B0}.Release|Any CPU.Build.0 = Release|Any CPU
		{308C255E-0146-43BB-B458-CD366B4A03B0}.Staging|Any CPU.ActiveCfg = Release|Any CPU
		{308C255E-0146-43BB-B458-CD366B4A03B0}.Staging|Any CPU.Build.0 = Release|Any CPU
		{DD5E3E78-B249-4E86-8862-6EE8547998E4}.Debug|Any CPU.ActiveCfg = Debug|Any CPU
		{DD5E3E78-B249-4E86-8862-6EE8547998E4}.Debug|Any CPU.Build.0 = Debug|Any CPU
		{DD5E3E78-B249-4E86-8862-6EE8547998E4}.Release|Any CPU.ActiveCfg = Release|Any CPU
		{DD5E3E78-B249-4E86-8862-6EE8547998E4}.Release|Any CPU.Build.0 = Release|Any CPU
		{DD5E3E78-B249-4E86-8862-6EE8547998E4}.Staging|Any CPU.ActiveCfg = Release|Any CPU
		{DD5E3E78-B249-4E86-8862-6EE8547998E4}.Staging|Any CPU.Build.0 = Release|Any CPU
		{38D604AE-4CA3-4121-BC76-0A71F832E7F1}.Debug|Any CPU.ActiveCfg = Debug|Any CPU
		{38D604AE-4CA3-4121-BC76-0A71F832E7F1}.Debug|Any CPU.Build.0 = Debug|Any CPU
		{38D604AE-4CA3-4121-BC76-0A71F832E7F1}.Release|Any CPU.ActiveCfg = Release|Any CPU
		{38D604AE-4CA3-4121-BC76-0A71F832E7F1}.Release|Any CPU.Build.0 = Release|Any CPU
		{38D604AE-4CA3-4121-BC76-0A71F832E7F1}.Staging|Any CPU.ActiveCfg = Release|Any CPU
		{38D604AE-4CA3-4121-BC76-0A71F832E7F1}.Staging|Any CPU.Build.0 = Release|Any CPU
	EndGlobalSection
	GlobalSection(SolutionProperties) = preSolution
		HideSolutionNode = FALSE
	EndGlobalSection
	GlobalSection(NestedProjects) = preSolution
		{F44CDE46-C417-4CC7-B1D3-4BF292256226} = {68BF5DB0-A6CD-4E13-9519-E4CB044650D6}
		{A38AC0D0-4179-43C7-895F-F1DE69BEBB4E} = {68BF5DB0-A6CD-4E13-9519-E4CB044650D6}
		{99F3D913-0DFE-43D3-8876-7F3EFEAA6373} = {68BF5DB0-A6CD-4E13-9519-E4CB044650D6}
		{F640CED1-A33D-48CF-9976-8E6274CED3FB} = {A38AC0D0-4179-43C7-895F-F1DE69BEBB4E}
		{EBEE713F-347F-424A-BCD0-E45D310DDA96} = {A38AC0D0-4179-43C7-895F-F1DE69BEBB4E}
		{C1785D11-69C3-40E3-9064-E209451C63F9} = {99F3D913-0DFE-43D3-8876-7F3EFEAA6373}
		{7B56A740-F18E-4C3F-AD8A-BFA783472639} = {EBEE713F-347F-424A-BCD0-E45D310DDA96}
		{308C255E-0146-43BB-B458-CD366B4A03B0} = {F640CED1-A33D-48CF-9976-8E6274CED3FB}
		{DD5E3E78-B249-4E86-8862-6EE8547998E4} = {F44CDE46-C417-4CC7-B1D3-4BF292256226}
		{38D604AE-4CA3-4121-BC76-0A71F832E7F1} = {EBEE713F-347F-424A-BCD0-E45D310DDA96}
	EndGlobalSection
	GlobalSection(ExtensibilityGlobals) = postSolution
		SolutionGuid = {F434919B-EBC0-47A4-8F0B-62B243E18789}
	EndGlobalSection
EndGlobal
